
Microsoft Visual Studio Solution File, Format Version 12.00
# Visual Studio Version 17
VisualStudioVersion = 17.5.33414.496
MinimumVisualStudioVersion = 10.0.40219.1
Project("{9A19103F-16F7-4668-BE54-9A1E7A4F7556}") = "tic-memento-pattern", "tic-memento-pattern.csproj", "{02662D6A-BD75-41C9-B027-3B85295D9F46}"
EndProject
Project("{FAE04EC0-301F-11D3-BF4B-00C04F79EFBC}") = "UnitTestProject1", "..\UnitTestProject1\UnitTestProject1.csproj", "{D719F9A3-EC28-439F-B4DE-CC5BD94B582B}"
EndProject
Global
	GlobalSection(SolutionConfigurationPlatforms) = preSolution
		Debug|Any CPU = Debug|Any CPU
		Release|Any CPU = Release|Any CPU
	EndGlobalSection
	GlobalSection(ProjectConfigurationPlatforms) = postSolution
		{02662D6A-BD75-41C9-B027-3B85295D9F46}.Debug|Any CPU.ActiveCfg = Debug|Any CPU
		{02662D6A-BD75-41C9-B027-3B85295D9F46}.Debug|Any CPU.Build.0 = Debug|Any CPU
		{02662D6A-BD75-41C9-B027-3B85295D9F46}.Release|Any CPU.ActiveCfg = Release|Any CPU
		{02662D6A-BD75-41C9-B027-3B85295D9F46}.Release|Any CPU.Build.0 = Release|Any CPU
		{D719F9A3-EC28-439F-B4DE-CC5BD94B582B}.Debug|Any CPU.ActiveCfg = Debug|Any CPU
		{D719F9A3-EC28-439F-B4DE-CC5BD94B582B}.Debug|Any CPU.Build.0 = Debug|Any CPU
		{D719F9A3-EC28-439F-B4DE-CC5BD94B582B}.Release|Any CPU.ActiveCfg = Release|Any CPU
		{D719F9A3-EC28-439F-B4DE-CC5BD94B582B}.Release|Any CPU.Build.0 = Release|Any CPU
	EndGlobalSection
	GlobalSection(SolutionProperties) = preSolution
		HideSolutionNode = FALSE
	EndGlobalSection
	GlobalSection(ExtensibilityGlobals) = postSolution
		SolutionGuid = {76C0EE3D-7DDA-4BB8-9DAA-58124DC2E598}
	EndGlobalSection
EndGlobal
